
Microsoft Visual Studio Solution File, Format Version 11.00
# Visual C++ Express 2010
Project("{8BC9CEB8-8B4A-11D0-8D11-00A0C91BC942}") = "Voronoi", "Voronoi.vcxproj", "{C98B83F5-0EA7-4B52-A21D-A886C0B4A493}"
EndProject
Global
	GlobalSection(SolutionConfigurationPlatforms) = preSolution
		Debug|Win32 = Debug|Win32
		Release|Win32 = Release|Win32
	EndGlobalSection
	GlobalSection(ProjectConfigurationPlatforms) = postSolution
		{C98B83F5-0EA7-4B52-A21D-A886C0B4A493}.Debug|Win32.ActiveCfg = Debug|Win32
		{C98B83F5-0EA7-4B52-A21D-A886C0B4A493}.Debug|Win32.Build.0 = Debug|Win32
		{C98B83F5-0EA7-4B52-A21D-A886C0B4A493}.Release|Win32.ActiveCfg = Release|Win32
		{C98B83F5-0EA7-4B52-A21D-A886C0B4A493}.Release|Win32.Build.0 = Release|Win32
	EndGlobalSection
	GlobalSection(SolutionProperties) = preSolution
		HideSolutionNode = FALSE
	EndGlobalSection
EndGlobal
